{
  "name": "radically-straightforward",
  "version": "1.0.0",
  "lockfileVersion": 3,
  "requires": true,
  "packages": {
    "": {
      "name": "radically-straightforward",
      "version": "1.0.0",
      "funding": [
        "https://patreon.com/leafac",
        "https://github.com/sponsors/leafac",
        "https://paypal.me/LeandroFacchinettiEU",
        "https://btc.com/34KJBgtaFYMtDqpSgMayw9qiKWg2GQXA9M"
      ],
      "license": "MIT"
    }
  }
}
